# This file is generated by running "yarn install" inside your project.
# Manual changes might be lost - proceed with caution!

__metadata:
  version: 8
  cacheKey: 10c0

"@prisma/debug@npm:5.16.0":
  version: 5.16.0
  resolution: "@prisma/debug@npm:5.16.0"
  checksum: 10c0/85385fe1c02a9ddb285546edc23f173a90e8d2126910d96d2998e4e7f62cd5d13869d7313e8ea5213e2b7a7288166aa3e7bd68d13b6281e47ece8ec5acde2412
  languageName: node
  linkType: hard

"@prisma/engines-version@npm:5.16.0-24.34ace0eb2704183d2c05b60b52fba5c43c13f303":
  version: 5.16.0-24.34ace0eb2704183d2c05b60b52fba5c43c13f303
  resolution: "@prisma/engines-version@npm:5.16.0-24.34ace0eb2704183d2c05b60b52fba5c43c13f303"
  checksum: 10c0/de02aed86429fbae0c98dbcb35baa9e1583a37aa222692a832a24153ed173a5559257c31296ecbd8ae5a8a99887f3aaf0797d819ca45e562905ce0bea411fe75
  languageName: node
  linkType: hard

"@prisma/engines@npm:5.16.0":
  version: 5.16.0
  resolution: "@prisma/engines@npm:5.16.0"
  dependencies:
    "@prisma/debug": "npm:5.16.0"
    "@prisma/engines-version": "npm:5.16.0-24.34ace0eb2704183d2c05b60b52fba5c43c13f303"
    "@prisma/fetch-engine": "npm:5.16.0"
    "@prisma/get-platform": "npm:5.16.0"
  checksum: 10c0/977e5aec59d71cce78c3942e8d3b5da973fd76d93642250ba927e2229ddc52e3b0d4feccd01f600c10b1a663e6ef5604876eecbef51e473513dc044227c14fc4
  languageName: node
  linkType: hard

"@prisma/fetch-engine@npm:5.16.0":
  version: 5.16.0
  resolution: "@prisma/fetch-engine@npm:5.16.0"
  dependencies:
    "@prisma/debug": "npm:5.16.0"
    "@prisma/engines-version": "npm:5.16.0-24.34ace0eb2704183d2c05b60b52fba5c43c13f303"
    "@prisma/get-platform": "npm:5.16.0"
  checksum: 10c0/acc346f146f63c1a599816ce16757f208b3746306bba40d8ad5de26b7bb49994920f8d1c2c8ed4ae214d89f6fdbc215bf09a037bfb74e01869d765d6847ea4a7
  languageName: node
  linkType: hard

"@prisma/get-platform@npm:5.16.0":
  version: 5.16.0
  resolution: "@prisma/get-platform@npm:5.16.0"
  dependencies:
    "@prisma/debug": "npm:5.16.0"
  checksum: 10c0/cb20383ef6c65baf95a70bd3554caf4cca17abf25174607665e502c9c6ad86d91db90c9aa34671ac3ad638b1737af59b9cd2817a9d24675ab246a97fbcaf57ab
  languageName: node
  linkType: hard

"abort-controller@npm:^3.0.0":
  version: 3.0.0
  resolution: "abort-controller@npm:3.0.0"
  dependencies:
    event-target-shim: "npm:^5.0.0"
  checksum: 10c0/90ccc50f010250152509a344eb2e71977fbf8db0ab8f1061197e3275ddf6c61a41a6edfd7b9409c664513131dd96e962065415325ef23efa5db931b382d24ca5
  languageName: node
  linkType: hard

"atomic-sleep@npm:^1.0.0":
  version: 1.0.0
  resolution: "atomic-sleep@npm:1.0.0"
  checksum: 10c0/e329a6665512736a9bbb073e1761b4ec102f7926cce35037753146a9db9c8104f5044c1662e4a863576ce544fb8be27cd2be6bc8c1a40147d03f31eb1cfb6e8a
  languageName: node
  linkType: hard

"base64-js@npm:^1.3.1":
  version: 1.5.1
  resolution: "base64-js@npm:1.5.1"
  checksum: 10c0/f23823513b63173a001030fae4f2dabe283b99a9d324ade3ad3d148e218134676f1ee8568c877cd79ec1c53158dcf2d2ba527a97c606618928ba99dd930102bf
  languageName: node
  linkType: hard

"buffer@npm:^6.0.3":
  version: 6.0.3
  resolution: "buffer@npm:6.0.3"
  dependencies:
    base64-js: "npm:^1.3.1"
    ieee754: "npm:^1.2.1"
  checksum: 10c0/2a905fbbcde73cc5d8bd18d1caa23715d5f83a5935867c2329f0ac06104204ba7947be098fe1317fbd8830e26090ff8e764f08cd14fefc977bb248c3487bcbd0
  languageName: node
  linkType: hard

"colorette@npm:^2.0.7":
  version: 2.0.20
  resolution: "colorette@npm:2.0.20"
  checksum: 10c0/e94116ff33b0ff56f3b83b9ace895e5bf87c2a7a47b3401b8c3f3226e050d5ef76cf4072fb3325f9dc24d1698f9b730baf4e05eeaf861d74a1883073f4c98a40
  languageName: node
  linkType: hard

"dateformat@npm:^4.6.3":
  version: 4.6.3
  resolution: "dateformat@npm:4.6.3"
  checksum: 10c0/e2023b905e8cfe2eb8444fb558562b524807a51cdfe712570f360f873271600b5c94aebffaf11efb285e2c072264a7cf243eadb68f3eba0f8cc85fb86cd25df6
  languageName: node
  linkType: hard

"end-of-stream@npm:^1.1.0":
  version: 1.4.4
  resolution: "end-of-stream@npm:1.4.4"
  dependencies:
    once: "npm:^1.4.0"
  checksum: 10c0/870b423afb2d54bb8d243c63e07c170409d41e20b47eeef0727547aea5740bd6717aca45597a9f2745525667a6b804c1e7bede41f856818faee5806dd9ff3975
  languageName: node
  linkType: hard

"event-target-shim@npm:^5.0.0":
  version: 5.0.1
  resolution: "event-target-shim@npm:5.0.1"
  checksum: 10c0/0255d9f936215fd206156fd4caa9e8d35e62075d720dc7d847e89b417e5e62cf1ce6c9b4e0a1633a9256de0efefaf9f8d26924b1f3c8620cffb9db78e7d3076b
  languageName: node
  linkType: hard

"events@npm:^3.3.0":
  version: 3.3.0
  resolution: "events@npm:3.3.0"
  checksum: 10c0/d6b6f2adbccbcda74ddbab52ed07db727ef52e31a61ed26db9feb7dc62af7fc8e060defa65e5f8af9449b86b52cc1a1f6a79f2eafcf4e62add2b7a1fa4a432f6
  languageName: node
  linkType: hard

"fast-copy@npm:^3.0.2":
  version: 3.0.2
  resolution: "fast-copy@npm:3.0.2"
  checksum: 10c0/02e8b9fd03c8c024d2987760ce126456a0e17470850b51e11a1c3254eed6832e4733ded2d93316c82bc0b36aeb991ad1ff48d1ba95effe7add7c3ab8d8eb554a
  languageName: node
  linkType: hard

"fast-safe-stringify@npm:^2.1.1":
  version: 2.1.1
  resolution: "fast-safe-stringify@npm:2.1.1"
  checksum: 10c0/d90ec1c963394919828872f21edaa3ad6f1dddd288d2bd4e977027afff09f5db40f94e39536d4646f7e01761d704d72d51dce5af1b93717f3489ef808f5f4e4d
  languageName: node
  linkType: hard

"help-me@npm:^5.0.0":
  version: 5.0.0
  resolution: "help-me@npm:5.0.0"
  checksum: 10c0/054c0e2e9ae2231c85ab5e04f75109b9d068ffcc54e58fb22079822a5ace8ff3d02c66fd45379c902ad5ab825e5d2e1451fcc2f7eab1eb49e7d488133ba4cacb
  languageName: node
  linkType: hard

"ieee754@npm:^1.2.1":
  version: 1.2.1
  resolution: "ieee754@npm:1.2.1"
  checksum: 10c0/b0782ef5e0935b9f12883a2e2aa37baa75da6e66ce6515c168697b42160807d9330de9a32ec1ed73149aea02e0d822e572bca6f1e22bdcbd2149e13b050b17bb
  languageName: node
  linkType: hard

"joycon@npm:^3.1.1":
  version: 3.1.1
  resolution: "joycon@npm:3.1.1"
  checksum: 10c0/131fb1e98c9065d067fd49b6e685487ac4ad4d254191d7aa2c9e3b90f4e9ca70430c43cad001602bdbdabcf58717d3b5c5b7461c1bd8e39478c8de706b3fe6ae
  languageName: node
  linkType: hard

"minimist@npm:^1.2.6":
  version: 1.2.8
  resolution: "minimist@npm:1.2.8"
  checksum: 10c0/19d3fcdca050087b84c2029841a093691a91259a47def2f18222f41e7645a0b7c44ef4b40e88a1e58a40c84d2ef0ee6047c55594d298146d0eb3f6b737c20ce6
  languageName: node
  linkType: hard

"on-exit-leak-free@npm:^2.1.0":
  version: 2.1.2
  resolution: "on-exit-leak-free@npm:2.1.2"
  checksum: 10c0/faea2e1c9d696ecee919026c32be8d6a633a7ac1240b3b87e944a380e8a11dc9c95c4a1f8fb0568de7ab8db3823e790f12bda45296b1d111e341aad3922a0570
  languageName: node
  linkType: hard

"once@npm:^1.3.1, once@npm:^1.4.0":
  version: 1.4.0
  resolution: "once@npm:1.4.0"
  dependencies:
    wrappy: "npm:1"
  checksum: 10c0/5d48aca287dfefabd756621c5dfce5c91a549a93e9fdb7b8246bc4c4790aa2ec17b34a260530474635147aeb631a2dcc8b32c613df0675f96041cbb8244517d0
  languageName: node
  linkType: hard

"pino-abstract-transport@npm:^1.0.0":
  version: 1.2.0
  resolution: "pino-abstract-transport@npm:1.2.0"
  dependencies:
    readable-stream: "npm:^4.0.0"
    split2: "npm:^4.0.0"
  checksum: 10c0/b4ab59529b7a91f488440147fc58ee0827a6c1c5ca3627292339354b1381072c1a6bfa9b46d03ad27872589e8477ecf74da12cf286e1e6b665ac64a3b806bf07
  languageName: node
  linkType: hard

"pino-pretty@npm:11.2.1":
  version: 11.2.1
  resolution: "pino-pretty@npm:11.2.1"
  dependencies:
    colorette: "npm:^2.0.7"
    dateformat: "npm:^4.6.3"
    fast-copy: "npm:^3.0.2"
    fast-safe-stringify: "npm:^2.1.1"
    help-me: "npm:^5.0.0"
    joycon: "npm:^3.1.1"
    minimist: "npm:^1.2.6"
    on-exit-leak-free: "npm:^2.1.0"
    pino-abstract-transport: "npm:^1.0.0"
    pump: "npm:^3.0.0"
    readable-stream: "npm:^4.0.0"
    secure-json-parse: "npm:^2.4.0"
    sonic-boom: "npm:^4.0.1"
    strip-json-comments: "npm:^3.1.1"
  bin:
    pino-pretty: bin.js
  checksum: 10c0/6c7f15b5bf8a007c8b7157eae445675b13cd95097ffa512d5ebd661f9e7abd328fa27592b25708756a09f098f87cb03ca81837518cd725c16e3f801129b941d4
  languageName: node
  linkType: hard

"prisma@npm:5.16.0":
  version: 5.16.0
  resolution: "prisma@npm:5.16.0"
  dependencies:
    "@prisma/engines": "npm:5.16.0"
  bin:
    prisma: build/index.js
  checksum: 10c0/5f6142ed793c296abb5b9262be4e61ee870c5f753c0d75e6139b07ba2f7023f9ee682c2f077c5ca3668c89f8c9a9703f15d7bc9c8af1c0fd8dc892e8697638ab
  languageName: node
  linkType: hard

"process@npm:^0.11.10":
  version: 0.11.10
  resolution: "process@npm:0.11.10"
  checksum: 10c0/40c3ce4b7e6d4b8c3355479df77aeed46f81b279818ccdc500124e6a5ab882c0cc81ff7ea16384873a95a74c4570b01b120f287abbdd4c877931460eca6084b3
  languageName: node
  linkType: hard

"pump@npm:^3.0.0":
  version: 3.0.0
  resolution: "pump@npm:3.0.0"
  dependencies:
    end-of-stream: "npm:^1.1.0"
    once: "npm:^1.3.1"
  checksum: 10c0/bbdeda4f747cdf47db97428f3a135728669e56a0ae5f354a9ac5b74556556f5446a46f720a8f14ca2ece5be9b4d5d23c346db02b555f46739934cc6c093a5478
  languageName: node
  linkType: hard

"readable-stream@npm:^4.0.0":
  version: 4.5.2
  resolution: "readable-stream@npm:4.5.2"
  dependencies:
    abort-controller: "npm:^3.0.0"
    buffer: "npm:^6.0.3"
    events: "npm:^3.3.0"
    process: "npm:^0.11.10"
    string_decoder: "npm:^1.3.0"
  checksum: 10c0/a2c80e0e53aabd91d7df0330929e32d0a73219f9477dbbb18472f6fdd6a11a699fc5d172a1beff98d50eae4f1496c950ffa85b7cc2c4c196963f289a5f39275d
  languageName: node
  linkType: hard

"root-workspace-0b6124@workspace:.":
  version: 0.0.0-use.local
  resolution: "root-workspace-0b6124@workspace:."
  dependencies:
    pino-pretty: "npm:11.2.1"
    prisma: "npm:5.16.0"
  dependenciesMeta:
    "@prisma/engines":
      built: true
    prisma:
      built: true
  languageName: unknown
  linkType: soft

"safe-buffer@npm:~5.2.0":
  version: 5.2.1
  resolution: "safe-buffer@npm:5.2.1"
  checksum: 10c0/6501914237c0a86e9675d4e51d89ca3c21ffd6a31642efeba25ad65720bce6921c9e7e974e5be91a786b25aa058b5303285d3c15dbabf983a919f5f630d349f3
  languageName: node
  linkType: hard

"secure-json-parse@npm:^2.4.0":
  version: 2.7.0
  resolution: "secure-json-parse@npm:2.7.0"
  checksum: 10c0/f57eb6a44a38a3eeaf3548228585d769d788f59007454214fab9ed7f01fbf2e0f1929111da6db28cf0bcc1a2e89db5219a59e83eeaec3a54e413a0197ce879e4
  languageName: node
  linkType: hard

"sonic-boom@npm:^4.0.1":
  version: 4.0.1
  resolution: "sonic-boom@npm:4.0.1"
  dependencies:
    atomic-sleep: "npm:^1.0.0"
  checksum: 10c0/7b467f2bc8af7ff60bf210382f21c59728cc4b769af9b62c31dd88723f5cc472752d2320736cc366acc7c765ddd5bec3072c033b0faf249923f576a7453ba9d3
  languageName: node
  linkType: hard

"split2@npm:^4.0.0":
  version: 4.2.0
  resolution: "split2@npm:4.2.0"
  checksum: 10c0/b292beb8ce9215f8c642bb68be6249c5a4c7f332fc8ecadae7be5cbdf1ea95addc95f0459ef2e7ad9d45fd1064698a097e4eb211c83e772b49bc0ee423e91534
  languageName: node
  linkType: hard

"string_decoder@npm:^1.3.0":
  version: 1.3.0
  resolution: "string_decoder@npm:1.3.0"
  dependencies:
    safe-buffer: "npm:~5.2.0"
  checksum: 10c0/810614ddb030e271cd591935dcd5956b2410dd079d64ff92a1844d6b7588bf992b3e1b69b0f4d34a3e06e0bd73046ac646b5264c1987b20d0601f81ef35d731d
  languageName: node
  linkType: hard

"strip-json-comments@npm:^3.1.1":
  version: 3.1.1
  resolution: "strip-json-comments@npm:3.1.1"
  checksum: 10c0/9681a6257b925a7fa0f285851c0e613cc934a50661fa7bb41ca9cbbff89686bb4a0ee366e6ecedc4daafd01e83eee0720111ab294366fe7c185e935475ebcecd
  languageName: node
  linkType: hard

"wrappy@npm:1":
  version: 1.0.2
  resolution: "wrappy@npm:1.0.2"
  checksum: 10c0/56fece1a4018c6a6c8e28fbc88c87e0fbf4ea8fd64fc6c63b18f4acc4bd13e0ad2515189786dd2c30d3eec9663d70f4ecf699330002f8ccb547e4a18231fc9f0
  languageName: node
  linkType: hard
