# This file is generated by running "yarn install" inside your project.
# Manual changes might be lost - proceed with caution!

__metadata:
  version: 8
  cacheKey: 10c0

"@prisma/config@npm:6.8.2":
  version: 6.8.2
  resolution: "@prisma/config@npm:6.8.2"
  dependencies:
    jiti: "npm:2.4.2"
  checksum: 10c0/2d25860c3b88e01fe6e353964d9ae07228003971894f2b5a671c6e126941a551c285b73b64c77c8e3819916a9a952a4366763204c93027b1964263908bbaa09f
  languageName: node
  linkType: hard

"@prisma/debug@npm:6.8.2":
  version: 6.8.2
  resolution: "@prisma/debug@npm:6.8.2"
  checksum: 10c0/5843db8a502aa379fe6f7e69d887a3bd35a13c379dd09e28ba93e506807eb2190a12c6a339232d0c64f94d064cd54de70365a92a597b62484bfdb1e37c03f85b
  languageName: node
  linkType: hard

"@prisma/engines-version@npm:6.8.0-43.2060c79ba17c6bb9f5823312b6f6b7f4a845738e":
  version: 6.8.0-43.2060c79ba17c6bb9f5823312b6f6b7f4a845738e
  resolution: "@prisma/engines-version@npm:6.8.0-43.2060c79ba17c6bb9f5823312b6f6b7f4a845738e"
  checksum: 10c0/3ae98f6028a1e7c2bca90d92ae60391d77d0b587f03a84818742c65ae7b4ca71d9ddd4fcff578ed9696c757061dd8ee78262e60a32d7ed804ced3e190c76bc6b
  languageName: node
  linkType: hard

"@prisma/engines@npm:6.8.2":
  version: 6.8.2
  resolution: "@prisma/engines@npm:6.8.2"
  dependencies:
    "@prisma/debug": "npm:6.8.2"
    "@prisma/engines-version": "npm:6.8.0-43.2060c79ba17c6bb9f5823312b6f6b7f4a845738e"
    "@prisma/fetch-engine": "npm:6.8.2"
    "@prisma/get-platform": "npm:6.8.2"
  checksum: 10c0/6eed0481b42d00f20c4c875e6d1cdd5a2ad2c6b48f5d9e5e63ee91b236ebc943194fe47536fee2a2a2b803b238a96d5c003d1e8aacc461c1dbdacf07fe01bc78
  languageName: node
  linkType: hard

"@prisma/fetch-engine@npm:6.8.2":
  version: 6.8.2
  resolution: "@prisma/fetch-engine@npm:6.8.2"
  dependencies:
    "@prisma/debug": "npm:6.8.2"
    "@prisma/engines-version": "npm:6.8.0-43.2060c79ba17c6bb9f5823312b6f6b7f4a845738e"
    "@prisma/get-platform": "npm:6.8.2"
  checksum: 10c0/9deb1be77bccd70531a9d1bab7f058655e6c02f4d277d2d23a2ec77e968ba8e252813ccef4e4a33c8ef94724bbbd0fa0fd1548dcf723b1e7ec760f9f599a6804
  languageName: node
  linkType: hard

"@prisma/get-platform@npm:6.8.2":
  version: 6.8.2
  resolution: "@prisma/get-platform@npm:6.8.2"
  dependencies:
    "@prisma/debug": "npm:6.8.2"
  checksum: 10c0/3bab5b39d03c884bd23b69f7ee9092d060aa60bd737293529bb21282a6abdb690a208af49eb5644b509d402e863f09512a2ccf53bdde8860de8a2825d6f3d122
  languageName: node
  linkType: hard

"atomic-sleep@npm:^1.0.0":
  version: 1.0.0
  resolution: "atomic-sleep@npm:1.0.0"
  checksum: 10c0/e329a6665512736a9bbb073e1761b4ec102f7926cce35037753146a9db9c8104f5044c1662e4a863576ce544fb8be27cd2be6bc8c1a40147d03f31eb1cfb6e8a
  languageName: node
  linkType: hard

"colorette@npm:^2.0.7":
  version: 2.0.20
  resolution: "colorette@npm:2.0.20"
  checksum: 10c0/e94116ff33b0ff56f3b83b9ace895e5bf87c2a7a47b3401b8c3f3226e050d5ef76cf4072fb3325f9dc24d1698f9b730baf4e05eeaf861d74a1883073f4c98a40
  languageName: node
  linkType: hard

"dateformat@npm:^4.6.3":
  version: 4.6.3
  resolution: "dateformat@npm:4.6.3"
  checksum: 10c0/e2023b905e8cfe2eb8444fb558562b524807a51cdfe712570f360f873271600b5c94aebffaf11efb285e2c072264a7cf243eadb68f3eba0f8cc85fb86cd25df6
  languageName: node
  linkType: hard

"end-of-stream@npm:^1.1.0":
  version: 1.4.4
  resolution: "end-of-stream@npm:1.4.4"
  dependencies:
    once: "npm:^1.4.0"
  checksum: 10c0/870b423afb2d54bb8d243c63e07c170409d41e20b47eeef0727547aea5740bd6717aca45597a9f2745525667a6b804c1e7bede41f856818faee5806dd9ff3975
  languageName: node
  linkType: hard

"fast-copy@npm:^3.0.2":
  version: 3.0.2
  resolution: "fast-copy@npm:3.0.2"
  checksum: 10c0/02e8b9fd03c8c024d2987760ce126456a0e17470850b51e11a1c3254eed6832e4733ded2d93316c82bc0b36aeb991ad1ff48d1ba95effe7add7c3ab8d8eb554a
  languageName: node
  linkType: hard

"fast-safe-stringify@npm:^2.1.1":
  version: 2.1.1
  resolution: "fast-safe-stringify@npm:2.1.1"
  checksum: 10c0/d90ec1c963394919828872f21edaa3ad6f1dddd288d2bd4e977027afff09f5db40f94e39536d4646f7e01761d704d72d51dce5af1b93717f3489ef808f5f4e4d
  languageName: node
  linkType: hard

"help-me@npm:^5.0.0":
  version: 5.0.0
  resolution: "help-me@npm:5.0.0"
  checksum: 10c0/054c0e2e9ae2231c85ab5e04f75109b9d068ffcc54e58fb22079822a5ace8ff3d02c66fd45379c902ad5ab825e5d2e1451fcc2f7eab1eb49e7d488133ba4cacb
  languageName: node
  linkType: hard

"jiti@npm:2.4.2":
  version: 2.4.2
  resolution: "jiti@npm:2.4.2"
  bin:
    jiti: lib/jiti-cli.mjs
  checksum: 10c0/4ceac133a08c8faff7eac84aabb917e85e8257f5ad659e843004ce76e981c457c390a220881748ac67ba1b940b9b729b30fb85cbaf6e7989f04b6002c94da331
  languageName: node
  linkType: hard

"joycon@npm:^3.1.1":
  version: 3.1.1
  resolution: "joycon@npm:3.1.1"
  checksum: 10c0/131fb1e98c9065d067fd49b6e685487ac4ad4d254191d7aa2c9e3b90f4e9ca70430c43cad001602bdbdabcf58717d3b5c5b7461c1bd8e39478c8de706b3fe6ae
  languageName: node
  linkType: hard

"minimist@npm:^1.2.6":
  version: 1.2.8
  resolution: "minimist@npm:1.2.8"
  checksum: 10c0/19d3fcdca050087b84c2029841a093691a91259a47def2f18222f41e7645a0b7c44ef4b40e88a1e58a40c84d2ef0ee6047c55594d298146d0eb3f6b737c20ce6
  languageName: node
  linkType: hard

"on-exit-leak-free@npm:^2.1.0":
  version: 2.1.2
  resolution: "on-exit-leak-free@npm:2.1.2"
  checksum: 10c0/faea2e1c9d696ecee919026c32be8d6a633a7ac1240b3b87e944a380e8a11dc9c95c4a1f8fb0568de7ab8db3823e790f12bda45296b1d111e341aad3922a0570
  languageName: node
  linkType: hard

"once@npm:^1.3.1, once@npm:^1.4.0":
  version: 1.4.0
  resolution: "once@npm:1.4.0"
  dependencies:
    wrappy: "npm:1"
  checksum: 10c0/5d48aca287dfefabd756621c5dfce5c91a549a93e9fdb7b8246bc4c4790aa2ec17b34a260530474635147aeb631a2dcc8b32c613df0675f96041cbb8244517d0
  languageName: node
  linkType: hard

"pino-abstract-transport@npm:^2.0.0":
  version: 2.0.0
  resolution: "pino-abstract-transport@npm:2.0.0"
  dependencies:
    split2: "npm:^4.0.0"
  checksum: 10c0/02c05b8f2ffce0d7c774c8e588f61e8b77de8ccb5f8125afd4a7325c9ea0e6af7fb78168999657712ae843e4462bb70ac550dfd6284f930ee57f17f486f25a9f
  languageName: node
  linkType: hard

"pino-pretty@npm:13.0.0":
  version: 13.0.0
  resolution: "pino-pretty@npm:13.0.0"
  dependencies:
    colorette: "npm:^2.0.7"
    dateformat: "npm:^4.6.3"
    fast-copy: "npm:^3.0.2"
    fast-safe-stringify: "npm:^2.1.1"
    help-me: "npm:^5.0.0"
    joycon: "npm:^3.1.1"
    minimist: "npm:^1.2.6"
    on-exit-leak-free: "npm:^2.1.0"
    pino-abstract-transport: "npm:^2.0.0"
    pump: "npm:^3.0.0"
    secure-json-parse: "npm:^2.4.0"
    sonic-boom: "npm:^4.0.1"
    strip-json-comments: "npm:^3.1.1"
  bin:
    pino-pretty: bin.js
  checksum: 10c0/015dac25006c1b9820b9e01fccb8a392a019e12b30e6bfc3f3f61ecca8dbabcd000a8f3f64410b620b7f5d08579ba85e6ef137f7fbeaad70d46397a97a5f75ea
  languageName: node
  linkType: hard

"prisma@npm:6.8.2":
  version: 6.8.2
  resolution: "prisma@npm:6.8.2"
  dependencies:
    "@prisma/config": "npm:6.8.2"
    "@prisma/engines": "npm:6.8.2"
  peerDependencies:
    typescript: ">=5.1.0"
  peerDependenciesMeta:
    typescript:
      optional: true
  bin:
    prisma: build/index.js
  checksum: 10c0/0b7a889a8da8207a4957ff256bd5baf029260f067585527058a46ba4054a13b47ab90bd0ebae1cf74db6e99b3fa99f065a83384fe5cd9ad3ecf07228756eff79
  languageName: node
  linkType: hard

"pump@npm:^3.0.0":
  version: 3.0.0
  resolution: "pump@npm:3.0.0"
  dependencies:
    end-of-stream: "npm:^1.1.0"
    once: "npm:^1.3.1"
  checksum: 10c0/bbdeda4f747cdf47db97428f3a135728669e56a0ae5f354a9ac5b74556556f5446a46f720a8f14ca2ece5be9b4d5d23c346db02b555f46739934cc6c093a5478
  languageName: node
  linkType: hard

"root-workspace-0b6124@workspace:.":
  version: 0.0.0-use.local
  resolution: "root-workspace-0b6124@workspace:."
  dependencies:
    pino-pretty: "npm:13.0.0"
    prisma: "npm:6.8.2"
  dependenciesMeta:
    "@prisma/engines":
      built: true
    prisma:
      built: true
  languageName: unknown
  linkType: soft

"secure-json-parse@npm:^2.4.0":
  version: 2.7.0
  resolution: "secure-json-parse@npm:2.7.0"
  checksum: 10c0/f57eb6a44a38a3eeaf3548228585d769d788f59007454214fab9ed7f01fbf2e0f1929111da6db28cf0bcc1a2e89db5219a59e83eeaec3a54e413a0197ce879e4
  languageName: node
  linkType: hard

"sonic-boom@npm:^4.0.1":
  version: 4.0.1
  resolution: "sonic-boom@npm:4.0.1"
  dependencies:
    atomic-sleep: "npm:^1.0.0"
  checksum: 10c0/7b467f2bc8af7ff60bf210382f21c59728cc4b769af9b62c31dd88723f5cc472752d2320736cc366acc7c765ddd5bec3072c033b0faf249923f576a7453ba9d3
  languageName: node
  linkType: hard

"split2@npm:^4.0.0":
  version: 4.2.0
  resolution: "split2@npm:4.2.0"
  checksum: 10c0/b292beb8ce9215f8c642bb68be6249c5a4c7f332fc8ecadae7be5cbdf1ea95addc95f0459ef2e7ad9d45fd1064698a097e4eb211c83e772b49bc0ee423e91534
  languageName: node
  linkType: hard

"strip-json-comments@npm:^3.1.1":
  version: 3.1.1
  resolution: "strip-json-comments@npm:3.1.1"
  checksum: 10c0/9681a6257b925a7fa0f285851c0e613cc934a50661fa7bb41ca9cbbff89686bb4a0ee366e6ecedc4daafd01e83eee0720111ab294366fe7c185e935475ebcecd
  languageName: node
  linkType: hard

"wrappy@npm:1":
  version: 1.0.2
  resolution: "wrappy@npm:1.0.2"
  checksum: 10c0/56fece1a4018c6a6c8e28fbc88c87e0fbf4ea8fd64fc6c63b18f4acc4bd13e0ad2515189786dd2c30d3eec9663d70f4ecf699330002f8ccb547e4a18231fc9f0
  languageName: node
  linkType: hard
